// !$*UTF8*$!
{
	archiveVersion = 1;
	classes = {
	};
	objectVersion = 46;
	objects = {

/* Begin PBXBuildFile section */
		7F9259EA1C9895AD00DEA49D /* AppDelegate.swift in Sources */ = {isa = PBXBuildFile; fileRef = 7F9259E91C9895AD00DEA49D /* AppDelegate.swift */; };
		7F9259EC1C9895AD00DEA49D /* ViewController.swift in Sources */ = {isa = PBXBuildFile; fileRef = 7F9259EB1C9895AD00DEA49D /* ViewController.swift */; };
		7F9259EF1C9895AD00DEA49D /* Main.storyboard in Resources */ = {isa = PBXBuildFile; fileRef = 7F9259ED1C9895AD00DEA49D /* Main.storyboard */; };
		7F9259F21C9895AD00DEA49D /* ChessClubManager.xcdatamodeld in Sources */ = {isa = PBXBuildFile; fileRef = 7F9259F01C9895AD00DEA49D /* ChessClubManager.xcdatamodeld */; };
		7F9259F41C9895AD00DEA49D /* Assets.xcassets in Resources */ = {isa = PBXBuildFile; fileRef = 7F9259F31C9895AD00DEA49D /* Assets.xcassets */; };
		7F9259F71C9895AD00DEA49D /* LaunchScreen.storyboard in Resources */ = {isa = PBXBuildFile; fileRef = 7F9259F51C9895AD00DEA49D /* LaunchScreen.storyboard */; };
		7F9259FF1C989A0600DEA49D /* Player.swift in Sources */ = {isa = PBXBuildFile; fileRef = 7F9259FE1C989A0600DEA49D /* Player.swift */; };
/* End PBXBuildFile section */

/* Begin PBXFileReference section */
		7F9259E61C9895AD00DEA49D /* ChessClubManager.app */ = {isa = PBXFileReference; explicitFileType = wrapper.application; includeInIndex = 0; path = ChessClubManager.app; sourceTree = BUILT_PRODUCTS_DIR; };
		7F9259E91C9895AD00DEA49D /* AppDelegate.swift */ = {isa = PBXFileReference; lastKnownFileType = sourcecode.swift; path = AppDelegate.swift; sourceTree = "<group>"; };
		7F9259EB1C9895AD00DEA49D /* ViewController.swift */ = {isa = PBXFileReference; lastKnownFileType = sourcecode.swift; path = ViewController.swift; sourceTree = "<group>"; };
		7F9259EE1C9895AD00DEA49D /* Base */ = {isa = PBXFileReference; lastKnownFileType = file.storyboard; name = Base; path = Base.lproj/Main.storyboard; sourceTree = "<group>"; };
		7F9259F11C9895AD00DEA49D /* ChessClubManager.xcdatamodel */ = {isa = PBXFileReference; lastKnownFileType = wrapper.xcdatamodel; path = ChessClubManager.xcdatamodel; sourceTree = "<group>"; };
		7F9259F31C9895AD00DEA49D /* Assets.xcassets */ = {isa = PBXFileReference; lastKnownFileType = folder.assetcatalog; path = Assets.xcassets; sourceTree = "<group>"; };
		7F9259F61C9895AD00DEA49D /* Base */ = {isa = PBXFileReference; lastKnownFileType = file.storyboard; name = Base; path = Base.lproj/LaunchScreen.storyboard; sourceTree = "<group>"; };
		7F9259F81C9895AD00DEA49D /* Info.plist */ = {isa = PBXFileReference; lastKnownFileType = text.plist.xml; path = Info.plist; sourceTree = "<group>"; };
		7F9259FE1C989A0600DEA49D /* Player.swift */ = {isa = PBXFileReference; fileEncoding = 4; lastKnownFileType = sourcecode.swift; path = Player.swift; sourceTree = "<group>"; };
/* End PBXFileReference section */

/* Begin PBXFrameworksBuildPhase section */
		7F9259E31C9895AD00DEA49D /* Frameworks */ = {
			isa = PBXFrameworksBuildPhase;
			buildActionMask = 2147483647;
			files = (
			);
			runOnlyForDeploymentPostprocessing = 0;
		};
/* End PBXFrameworksBuildPhase section */

/* Begin PBXGroup section */
		7F9259DD1C9895AD00DEA49D = {
			isa = PBXGroup;
			children = (
				7F9259E81C9895AD00DEA49D /* ChessClubManager */,
				7F9259E71C9895AD00DEA49D /* Products */,
			);
			sourceTree = "<group>";
		};
		7F9259E71C9895AD00DEA49D /* Products */ = {
			isa = PBXGroup;
			children = (
				7F9259E61C9895AD00DEA49D /* ChessClubManager.app */,
			);
			name = Products;
			sourceTree = "<group>";
		};
		7F9259E81C9895AD00DEA49D /* ChessClubManager */ = {
			isa = PBXGroup;
			children = (
				7F9259E91C9895AD00DEA49D /* AppDelegate.swift */,
				7F9259EB1C9895AD00DEA49D /* ViewController.swift */,
				7F9259ED1C9895AD00DEA49D /* Main.storyboard */,
				7F9259F31C9895AD00DEA49D /* Assets.xcassets */,
				7F9259F51C9895AD00DEA49D /* LaunchScreen.storyboard */,
				7F9259F81C9895AD00DEA49D /* Info.plist */,
				7F9259F01C9895AD00DEA49D /* ChessClubManager.xcdatamodeld */,
				7F9259FE1C989A0600DEA49D /* Player.swift */,
			);
			path = ChessClubManager;
			sourceTree = "<group>";
		};
/* End PBXGroup section */

/* Begin PBXNativeTarget section */
		7F9259E51C9895AD00DEA49D /* ChessClubManager */ = {
			isa = PBXNativeTarget;
			buildConfigurationList = 7F9259FB1C9895AD00DEA49D /* Build configuration list for PBXNativeTarget "ChessClubManager" */;
			buildPhases = (
				7F9259E21C9895AD00DEA49D /* Sources */,
				7F9259E31C9895AD00DEA49D /* Frameworks */,
				7F9259E41C9895AD00DEA49D /* Resources */,
			);
			buildRules = (
			);
			dependencies = (
			);
			name = ChessClubManager;
			productName = ChessClubManager;
			productReference = 7F9259E61C9895AD00DEA49D /* ChessClubManager.app */;
			productType = "com.apple.product-type.application";
		};
/* End PBXNativeTarget section */

/* Begin PBXProject section */
		7F9259DE1C9895AD00DEA49D /* Project object */ = {
			isa = PBXProject;
			attributes = {
				LastSwiftUpdateCheck = 0720;
				LastUpgradeCheck = 0720;
				ORGANIZATIONNAME = "Chris Stromberg";
				TargetAttributes = {
					7F9259E51C9895AD00DEA49D = {
						CreatedOnToolsVersion = 7.2.1;
						DevelopmentTeam = 23695MP334;
					};
				};
			};
			buildConfigurationList = 7F9259E11C9895AD00DEA49D /* Build configuration list for PBXProject "ChessClubManager" */;
			compatibilityVersion = "Xcode 3.2";
			developmentRegion = English;
			hasScannedForEncodings = 0;
			knownRegions = (
				en,
				Base,
			);
			mainGroup = 7F9259DD1C9895AD00DEA49D;
			productRefGroup = 7F9259E71C9895AD00DEA49D /* Products */;
			projectDirPath = "";
			projectRoot = "";
			targets = (
				7F9259E51C9895AD00DEA49D /* ChessClubManager */,
			);
		};
/* End PBXProject section */

/* Begin PBXResourcesBuildPhase section */
		7F9259E41C9895AD00DEA49D /* Resources */ = {
			isa = PBXResourcesBuildPhase;
			buildActionMask = 2147483647;
			files = (
				7F9259F71C9895AD00DEA49D /* LaunchScreen.storyboard in Resources */,
				7F9259F41C9895AD00DEA49D /* Assets.xcassets in Resources */,
				7F9259EF1C9895AD00DEA49D /* Main.storyboard in Resources */,
			);
			runOnlyForDeploymentPostprocessing = 0;
		};
/* End PBXResourcesBuildPhase section */

/* Begin PBXSourcesBuildPhase section */
		7F9259E21C9895AD00DEA49D /* Sources */ = {
			isa = PBXSourcesBuildPhase;
			buildActionMask = 2147483647;
			files = (
				7F9259FF1C989A0600DEA49D /* Player.swift in Sources */,
				7F9259F21C9895AD00DEA49D /* ChessClubManager.xcdatamodeld in Sources */,
				7F9259EC1C9895AD00DEA49D /* ViewController.swift in Sources */,
				7F9259EA1C9895AD00DEA49D /* AppDelegate.swift in Sources */,
			);
			runOnlyForDeploymentPostprocessing = 0;
		};
/* End PBXSourcesBuildPhase section */

/* Begin PBXVariantGroup section */
		7F9259ED1C9895AD00DEA49D /* Main.storyboard */ = {
			isa = PBXVariantGroup;
			children = (
				7F9259EE1C9895AD00DEA49D /* Base */,
			);
			name = Main.storyboard;
			sourceTree = "<group>";
		};
		7F9259F51C9895AD00DEA49D /* LaunchScreen.storyboard */ = {
			isa = PBXVariantGroup;
			children = (
				7F9259F61C9895AD00DEA49D /* Base */,
			);
			name = LaunchScreen.storyboard;
			sourceTree = "<group>";
		};
/* End PBXVariantGroup section */

/* Begin XCBuildConfiguration section */
		7F9259F91C9895AD00DEA49D /* Debug */ = {
			isa = XCBuildConfiguration;
			buildSettings = {
				ALWAYS_SEARCH_USER_PATHS = NO;
				CLANG_CXX_LANGUAGE_STANDARD = "gnu++0x";
				CLANG_CXX_LIBRARY = "libc++";
				CLANG_ENABLE_MODULES = YES;
				CLANG_ENABLE_OBJC_ARC = YES;
				CLANG_WARN_BOOL_CONVERSION = YES;
				CLANG_WARN_CONSTANT_CONVERSION = YES;
				CLANG_WARN_DIRECT_OBJC_ISA_USAGE = YES_ERROR;
				CLANG_WARN_EMPTY_BODY = YES;
				CLANG_WARN_ENUM_CONVERSION = YES;
				CLANG_WARN_INT_CONVERSION = YES;
				CLANG_WARN_OBJC_ROOT_CLASS = YES_ERROR;
				CLANG_WARN_UNREACHABLE_CODE = YES;
				CLANG_WARN__DUPLICATE_METHOD_MATCH = YES;
				"CODE_SIGN_IDENTITY[sdk=iphoneos*]" = "iPhone Developer";
				COPY_PHASE_STRIP = NO;
				DEBUG_INFORMATION_FORMAT = dwarf;
				ENABLE_STRICT_OBJC_MSGSEND = YES;
				ENABLE_TESTABILITY = YES;
				GCC_C_LANGUAGE_STANDARD = gnu99;
				GCC_DYNAMIC_NO_PIC = NO;
				GCC_NO_COMMON_BLOCKS = YES;
				GCC_OPTIMIZATION_LEVEL = 0;
				GCC_PREPROCESSOR_DEFINITIONS = (
					"DEBUG=1",
					"$(inherited)",
				);
				GCC_WARN_64_TO_32_BIT_CONVERSION = YES;
				GCC_WARN_ABOUT_RETURN_TYPE = YES_ERROR;
				GCC_WARN_UNDECLARED_SELECTOR = YES;
				GCC_WARN_UNINITIALIZED_AUTOS = YES_AGGRESSIVE;
				GCC_WARN_UNUSED_FUNCTION = YES;
				GCC_WARN_UNUSED_VARIABLE = YES;
				IPHONEOS_DEPLOYMENT_TARGET = 9.2;
				MTL_ENABLE_DEBUG_INFO = YES;
				ONLY_ACTIVE_ARCH = YES;
				SDKROOT = iphoneos;
				SWIFT_OPTIMIZATION_LEVEL = "-Onone";
				TARGETED_DEVICE_FAMILY = "1,2";
			};
			name = Debug;
		};
		7F9259FA1C9895AD00DEA49D /* Release */ = {
			isa = XCBuildConfiguration;
			buildSettings = {
				ALWAYS_SEARCH_USER_PATHS = NO;
				CLANG_CXX_LANGUAGE_STANDARD = "gnu++0x";
				CLANG_CXX_LIBRARY = "libc++";
				CLANG_ENABLE_MODULES = YES;
				CLANG_ENABLE_OBJC_ARC = YES;
				CLANG_WARN_BOOL_CONVERSION = YES;
				CLANG_WARN_CONSTANT_CONVERSION = YES;
				CLANG_WARN_DIRECT_OBJC_ISA_USAGE = YES_ERROR;
				CLANG_WARN_EMPTY_BODY = YES;
				CLANG_WARN_ENUM_CONVERSION = YES;
				CLANG_WARN_INT_CONVERSION = YES;
				CLANG_WARN_OBJC_ROOT_CLASS = YES_ERROR;
				CLANG_WARN_UNREACHABLE_CODE = YES;
				CLANG_WARN__DUPLICATE_METHOD_MATCH = YES;
				"CODE_SIGN_IDENTITY[sdk=iphoneos*]" = "iPhone Developer";
				COPY_PHASE_STRIP = NO;
				DEBUG_INFORMATION_FORMAT = "dwarf-with-dsym";
				ENABLE_NS_ASSERTIONS = NO;
				ENABLE_STRICT_OBJC_MSGSEND = YES;
				GCC_C_LANGUAGE_STANDARD = gnu99;
				GCC_NO_COMMON_BLOCKS = YES;
				GCC_WARN_64_TO_32_BIT_CONVERSION = YES;
				GCC_WARN_ABOUT_RETURN_TYPE = YES_ERROR;
				GCC_WARN_UNDECLARED_SELECTOR = YES;
				GCC_WARN_UNINITIALIZED_AUTOS = YES_AGGRESSIVE;
				GCC_WARN_UNUSED_FUNCTION = YES;
				GCC_WARN_UNUSED_VARIABLE = YES;
				IPHONEOS_DEPLOYMENT_TARGET = 9.2;
				MTL_ENABLE_DEBUG_INFO = NO;
				SDKROOT = iphoneos;
				TARGETED_DEVICE_FAMILY = "1,2";
				VALIDATE_PRODUCT = YES;
			};
			name = Release;
		};
		7F9259FC1C9895AD00DEA49D /* Debug */ = {
			isa = XCBuildConfiguration;
			buildSettings = {
				ASSETCATALOG_COMPILER_APPICON_NAME = AppIcon;
				INFOPLIST_FILE = ChessClubManager/Info.plist;
				LD_RUNPATH_SEARCH_PATHS = "$(inherited) @executable_path/Frameworks";
				PRODUCT_BUNDLE_IDENTIFIER = com.chrisstromberg.ChessClubManager;
				PRODUCT_NAME = "$(TARGET_NAME)";
			};
			name = Debug;
		};
		7F9259FD1C9895AD00DEA49D /* Release */ = {
			isa = XCBuildConfiguration;
			buildSettings = {
				ASSETCATALOG_COMPILER_APPICON_NAME = AppIcon;
				INFOPLIST_FILE = ChessClubManager/Info.plist;
				LD_RUNPATH_SEARCH_PATHS = "$(inherited) @executable_path/Frameworks";
				PRODUCT_BUNDLE_IDENTIFIER = com.chrisstromberg.ChessClubManager;
				PRODUCT_NAME = "$(TARGET_NAME)";
			};
			name = Release;
		};
/* End XCBuildConfiguration section */

/* Begin XCConfigurationList section */
		7F9259E11C9895AD00DEA49D /* Build configuration list for PBXProject "ChessClubManager" */ = {
			isa = XCConfigurationList;
			buildConfigurations = (
				7F9259F91C9895AD00DEA49D /* Debug */,
				7F9259FA1C9895AD00DEA49D /* Release */,
			);
			defaultConfigurationIsVisible = 0;
			defaultConfigurationName = Release;
		};
		7F9259FB1C9895AD00DEA49D /* Build configuration list for PBXNativeTarget "ChessClubManager" */ = {
			isa = XCConfigurationList;
			buildConfigurations = (
				7F9259FC1C9895AD00DEA49D /* Debug */,
				7F9259FD1C9895AD00DEA49D /* Release */,
			);
			defaultConfigurationIsVisible = 0;
		};
/* End XCConfigurationList section */

/* Begin XCVersionGroup section */
		7F9259F01C9895AD00DEA49D /* ChessClubManager.xcdatamodeld */ = {
			isa = XCVersionGroup;
			children = (
				7F9259F11C9895AD00DEA49D /* ChessClubManager.xcdatamodel */,
			);
			currentVersion = 7F9259F11C9895AD00DEA49D /* ChessClubManager.xcdatamodel */;
			path = ChessClubManager.xcdatamodeld;
			sourceTree = "<group>";
			versionGroupType = wrapper.xcdatamodel;
		};
/* End XCVersionGroup section */
	};
	rootObject = 7F9259DE1C9895AD00DEA49D /* Project object */;
}
